lockfileVersion: '9.0'

settings:
  autoInstallPeers: true
  excludeLinksFromLockfile: false

importers:

  .:
    dependencies:
      dayjs:
        specifier: ^1.11.13
        version: 1.11.13
      playwright-aws-lambda:
        specifier: 0.11.0
        version: 0.11.0(playwright-core@1.40.1)
      playwright-core:
        specifier: 1.40.1
        version: 1.40.1

packages:

  dayjs@1.11.13:
    resolution: {integrity: sha512-oaMBel6gjolK862uaPQOVTA7q3TZhuSvuMQAAglQDOWYO9A91IrAOUJEyKVlqJlHE0vq5p5UXxzdPfMH/x6xNg==}

  lambdafs@2.1.1:
    resolution: {integrity: sha512-x5k8JcoJWkWLvCVBzrl4pzvkEHSgSBqFjg3Dpsc4AcTMq7oUMym4cL/gRTZ6VM4mUMY+M0dIbQ+V1c1tsqqanQ==}
    engines: {node: '>= 10.16'}
    hasBin: true
    bundledDependencies:
      - tar-fs

  playwright-aws-lambda@0.11.0:
    resolution: {integrity: sha512-PVwGbLWMHrtgKigCHgg6VOOtFWci/IyvfDK1llrU4QOp+U5K8i0vpXTEOkTRMjfTHBcDhUueWMln4C/za0CpdQ==}
    engines: {node: '>= 8.0.0'}
    peerDependencies:
      playwright-core: ^1

  playwright-core@1.40.1:
    resolution: {integrity: sha512-+hkOycxPiV534c4HhpfX6yrlawqVUzITRKwHAmYfmsVreltEl6fAZJ3DPfLMOODw0H3s1Itd6MDCWmP1fl/QvQ==}
    engines: {node: '>=16'}
    hasBin: true

snapshots:

  dayjs@1.11.13: {}

  lambdafs@2.1.1: {}

  playwright-aws-lambda@0.11.0(playwright-core@1.40.1):
    dependencies:
      lambdafs: 2.1.1
      playwright-core: 1.40.1

  playwright-core@1.40.1: {}
